// !$*UTF8*$!
{
	archiveVersion = 1;
	classes = {
	};
	objectVersion = 50;
	objects = {

/* Begin PBXBuildFile section */
		5205EB9222F35111006AF738 /* MainViewController.swift in Sources */ = {isa = PBXBuildFile; fileRef = 5205EB9122F35111006AF738 /* MainViewController.swift */; };
		5205EB9522F35111006AF738 /* Main.storyboard in Resources */ = {isa = PBXBuildFile; fileRef = 5205EB9322F35111006AF738 /* Main.storyboard */; };
		5205EB9722F35113006AF738 /* Assets.xcassets in Resources */ = {isa = PBXBuildFile; fileRef = 5205EB9622F35113006AF738 /* Assets.xcassets */; };
		5205EB9A22F35113006AF738 /* LaunchScreen.storyboard in Resources */ = {isa = PBXBuildFile; fileRef = 5205EB9822F35113006AF738 /* LaunchScreen.storyboard */; };
		5236F6FE22F4C9FF0011DBA7 /* SettingViewController.swift in Sources */ = {isa = PBXBuildFile; fileRef = 5236F6FD22F4C9FF0011DBA7 /* SettingViewController.swift */; };
		5236F70022F4CBA10011DBA7 /* SceneDelegate.swift in Sources */ = {isa = PBXBuildFile; fileRef = 5236F6FF22F4CBA10011DBA7 /* SceneDelegate.swift */; };
		5236F70222F4CC720011DBA7 /* OSLogExtension.swift in Sources */ = {isa = PBXBuildFile; fileRef = 5236F70122F4CC720011DBA7 /* OSLogExtension.swift */; };
		52E0073D22F36105004E7BD5 /* AppDelegate.swift in Sources */ = {isa = PBXBuildFile; fileRef = 5205EB8D22F35111006AF738 /* AppDelegate.swift */; };
/* End PBXBuildFile section */

/* Begin PBXFileReference section */
		5205EB8A22F35111006AF738 /* CardStyleLifecycle.app */ = {isa = PBXFileReference; explicitFileType = wrapper.application; includeInIndex = 0; path = CardStyleLifecycle.app; sourceTree = BUILT_PRODUCTS_DIR; };
		5205EB8D22F35111006AF738 /* AppDelegate.swift */ = {isa = PBXFileReference; lastKnownFileType = sourcecode.swift; path = AppDelegate.swift; sourceTree = "<group>"; };
		5205EB9122F35111006AF738 /* MainViewController.swift */ = {isa = PBXFileReference; lastKnownFileType = sourcecode.swift; path = MainViewController.swift; sourceTree = "<group>"; };
		5205EB9422F35111006AF738 /* Base */ = {isa = PBXFileReference; lastKnownFileType = file.storyboard; name = Base; path = Base.lproj/Main.storyboard; sourceTree = "<group>"; };
		5205EB9622F35113006AF738 /* Assets.xcassets */ = {isa = PBXFileReference; lastKnownFileType = folder.assetcatalog; path = Assets.xcassets; sourceTree = "<group>"; };
		5205EB9922F35113006AF738 /* Base */ = {isa = PBXFileReference; lastKnownFileType = file.storyboard; name = Base; path = Base.lproj/LaunchScreen.storyboard; sourceTree = "<group>"; };
		5205EB9B22F35113006AF738 /* Info.plist */ = {isa = PBXFileReference; lastKnownFileType = text.plist.xml; path = Info.plist; sourceTree = "<group>"; };
		5236F6FD22F4C9FF0011DBA7 /* SettingViewController.swift */ = {isa = PBXFileReference; fileEncoding = 4; lastKnownFileType = sourcecode.swift; path = SettingViewController.swift; sourceTree = "<group>"; };
		5236F6FF22F4CBA10011DBA7 /* SceneDelegate.swift */ = {isa = PBXFileReference; lastKnownFileType = sourcecode.swift; path = SceneDelegate.swift; sourceTree = "<group>"; };
		5236F70122F4CC720011DBA7 /* OSLogExtension.swift */ = {isa = PBXFileReference; lastKnownFileType = sourcecode.swift; path = OSLogExtension.swift; sourceTree = "<group>"; };
/* End PBXFileReference section */

/* Begin PBXFrameworksBuildPhase section */
		5205EB8722F35111006AF738 /* Frameworks */ = {
			isa = PBXFrameworksBuildPhase;
			buildActionMask = 2147483647;
			files = (
			);
			runOnlyForDeploymentPostprocessing = 0;
		};
/* End PBXFrameworksBuildPhase section */

/* Begin PBXGroup section */
		5205EB8122F35111006AF738 = {
			isa = PBXGroup;
			children = (
				5205EB8C22F35111006AF738 /* CardStyleLifecycle */,
				5205EB8B22F35111006AF738 /* Products */,
			);
			sourceTree = "<group>";
		};
		5205EB8B22F35111006AF738 /* Products */ = {
			isa = PBXGroup;
			children = (
				5205EB8A22F35111006AF738 /* CardStyleLifecycle.app */,
			);
			name = Products;
			sourceTree = "<group>";
		};
		5205EB8C22F35111006AF738 /* CardStyleLifecycle */ = {
			isa = PBXGroup;
			children = (
				52FABB3522F5682D005633D8 /* Session */,
				5205EB8D22F35111006AF738 /* AppDelegate.swift */,
				5236F6FF22F4CBA10011DBA7 /* SceneDelegate.swift */,
				5205EB9322F35111006AF738 /* Main.storyboard */,
				5205EB9622F35113006AF738 /* Assets.xcassets */,
				5205EB9822F35113006AF738 /* LaunchScreen.storyboard */,
				5205EB9B22F35113006AF738 /* Info.plist */,
			);
			path = CardStyleLifecycle;
			sourceTree = "<group>";
		};
		52FABB3522F5682D005633D8 /* Session */ = {
			isa = PBXGroup;
			children = (
				5205EB9122F35111006AF738 /* MainViewController.swift */,
				5236F6FD22F4C9FF0011DBA7 /* SettingViewController.swift */,
				5236F70122F4CC720011DBA7 /* OSLogExtension.swift */,
			);
			path = Session;
			sourceTree = "<group>";
		};
/* End PBXGroup section */

/* Begin PBXNativeTarget section */
		5205EB8922F35111006AF738 /* CardStyleLifecycle */ = {
			isa = PBXNativeTarget;
			buildConfigurationList = 5205EB9E22F35113006AF738 /* Build configuration list for PBXNativeTarget "CardStyleLifecycle" */;
			buildPhases = (
				5205EB8622F35111006AF738 /* Sources */,
				5205EB8722F35111006AF738 /* Frameworks */,
				5205EB8822F35111006AF738 /* Resources */,
			);
			buildRules = (
			);
			dependencies = (
			);
			name = CardStyleLifecycle;
			productName = CardStyleLifecycle;
			productReference = 5205EB8A22F35111006AF738 /* CardStyleLifecycle.app */;
			productType = "com.apple.product-type.application";
		};
/* End PBXNativeTarget section */

/* Begin PBXProject section */
		5205EB8222F35111006AF738 /* Project object */ = {
			isa = PBXProject;
			attributes = {
				LastSwiftUpdateCheck = 1100;
				LastUpgradeCheck = 1100;
				ORGANIZATIONNAME = Giftbot;
				TargetAttributes = {
					5205EB8922F35111006AF738 = {
						CreatedOnToolsVersion = 11.0;
					};
				};
			};
			buildConfigurationList = 5205EB8522F35111006AF738 /* Build configuration list for PBXProject "CardStyleLifecycle" */;
			compatibilityVersion = "Xcode 9.3";
			developmentRegion = en;
			hasScannedForEncodings = 0;
			knownRegions = (
				en,
				Base,
			);
			mainGroup = 5205EB8122F35111006AF738;
			productRefGroup = 5205EB8B22F35111006AF738 /* Products */;
			projectDirPath = "";
			projectRoot = "";
			targets = (
				5205EB8922F35111006AF738 /* CardStyleLifecycle */,
			);
		};
/* End PBXProject section */

/* Begin PBXResourcesBuildPhase section */
		5205EB8822F35111006AF738 /* Resources */ = {
			isa = PBXResourcesBuildPhase;
			buildActionMask = 2147483647;
			files = (
				5205EB9A22F35113006AF738 /* LaunchScreen.storyboard in Resources */,
				5205EB9722F35113006AF738 /* Assets.xcassets in Resources */,
				5205EB9522F35111006AF738 /* Main.storyboard in Resources */,
			);
			runOnlyForDeploymentPostprocessing = 0;
		};
/* End PBXResourcesBuildPhase section */

/* Begin PBXSourcesBuildPhase section */
		5205EB8622F35111006AF738 /* Sources */ = {
			isa = PBXSourcesBuildPhase;
			buildActionMask = 2147483647;
			files = (
				5236F6FE22F4C9FF0011DBA7 /* SettingViewController.swift in Sources */,
				5236F70222F4CC720011DBA7 /* OSLogExtension.swift in Sources */,
				52E0073D22F36105004E7BD5 /* AppDelegate.swift in Sources */,
				5205EB9222F35111006AF738 /* MainViewController.swift in Sources */,
				5236F70022F4CBA10011DBA7 /* SceneDelegate.swift in Sources */,
			);
			runOnlyForDeploymentPostprocessing = 0;
		};
/* End PBXSourcesBuildPhase section */

/* Begin PBXVariantGroup section */
		5205EB9322F35111006AF738 /* Main.storyboard */ = {
			isa = PBXVariantGroup;
			children = (
				5205EB9422F35111006AF738 /* Base */,
			);
			name = Main.storyboard;
			sourceTree = "<group>";
		};
		5205EB9822F35113006AF738 /* LaunchScreen.storyboard */ = {
			isa = PBXVariantGroup;
			children = (
				5205EB9922F35113006AF738 /* Base */,
			);
			name = LaunchScreen.storyboard;
			sourceTree = "<group>";
		};
/* End PBXVariantGroup section */

/* Begin XCBuildConfiguration section */
		5205EB9C22F35113006AF738 /* Debug */ = {
			isa = XCBuildConfiguration;
			buildSettings = {
				ALWAYS_SEARCH_USER_PATHS = NO;
				CLANG_ANALYZER_NONNULL = YES;
				CLANG_ANALYZER_NUMBER_OBJECT_CONVERSION = YES_AGGRESSIVE;
				CLANG_CXX_LANGUAGE_STANDARD = "gnu++14";
				CLANG_CXX_LIBRARY = "libc++";
				CLANG_ENABLE_MODULES = YES;
				CLANG_ENABLE_OBJC_ARC = YES;
				CLANG_ENABLE_OBJC_WEAK = YES;
				CLANG_WARN_BLOCK_CAPTURE_AUTORELEASING = YES;
				CLANG_WARN_BOOL_CONVERSION = YES;
				CLANG_WARN_COMMA = YES;
				CLANG_WARN_CONSTANT_CONVERSION = YES;
				CLANG_WARN_DEPRECATED_OBJC_IMPLEMENTATIONS = YES;
				CLANG_WARN_DIRECT_OBJC_ISA_USAGE = YES_ERROR;
				CLANG_WARN_DOCUMENTATION_COMMENTS = YES;
				CLANG_WARN_EMPTY_BODY = YES;
				CLANG_WARN_ENUM_CONVERSION = YES;
				CLANG_WARN_INFINITE_RECURSION = YES;
				CLANG_WARN_INT_CONVERSION = YES;
				CLANG_WARN_NON_LITERAL_NULL_CONVERSION = YES;
				CLANG_WARN_OBJC_IMPLICIT_RETAIN_SELF = YES;
				CLANG_WARN_OBJC_LITERAL_CONVERSION = YES;
				CLANG_WARN_OBJC_ROOT_CLASS = YES_ERROR;
				CLANG_WARN_RANGE_LOOP_ANALYSIS = YES;
				CLANG_WARN_STRICT_PROTOTYPES = YES;
				CLANG_WARN_SUSPICIOUS_MOVE = YES;
				CLANG_WARN_UNGUARDED_AVAILABILITY = YES_AGGRESSIVE;
				CLANG_WARN_UNREACHABLE_CODE = YES;
				CLANG_WARN__DUPLICATE_METHOD_MATCH = YES;
				COPY_PHASE_STRIP = NO;
				DEBUG_INFORMATION_FORMAT = dwarf;
				ENABLE_STRICT_OBJC_MSGSEND = YES;
				ENABLE_TESTABILITY = YES;
				GCC_C_LANGUAGE_STANDARD = gnu11;
				GCC_DYNAMIC_NO_PIC = NO;
				GCC_NO_COMMON_BLOCKS = YES;
				GCC_OPTIMIZATION_LEVEL = 0;
				GCC_PREPROCESSOR_DEFINITIONS = (
					"DEBUG=1",
					"$(inherited)",
				);
				GCC_WARN_64_TO_32_BIT_CONVERSION = YES;
				GCC_WARN_ABOUT_RETURN_TYPE = YES_ERROR;
				GCC_WARN_UNDECLARED_SELECTOR = YES;
				GCC_WARN_UNINITIALIZED_AUTOS = YES_AGGRESSIVE;
				GCC_WARN_UNUSED_FUNCTION = YES;
				GCC_WARN_UNUSED_VARIABLE = YES;
				IPHONEOS_DEPLOYMENT_TARGET = 13.0;
				MTL_ENABLE_DEBUG_INFO = INCLUDE_SOURCE;
				MTL_FAST_MATH = YES;
				ONLY_ACTIVE_ARCH = YES;
				SDKROOT = iphoneos;
				SWIFT_ACTIVE_COMPILATION_CONDITIONS = DEBUG;
				SWIFT_OPTIMIZATION_LEVEL = "-Onone";
			};
			name = Debug;
		};
		5205EB9D22F35113006AF738 /* Release */ = {
			isa = XCBuildConfiguration;
			buildSettings = {
				ALWAYS_SEARCH_USER_PATHS = NO;
				CLANG_ANALYZER_NONNULL = YES;
				CLANG_ANALYZER_NUMBER_OBJECT_CONVERSION = YES_AGGRESSIVE;
				CLANG_CXX_LANGUAGE_STANDARD = "gnu++14";
				CLANG_CXX_LIBRARY = "libc++";
				CLANG_ENABLE_MODULES = YES;
				CLANG_ENABLE_OBJC_ARC = YES;
				CLANG_ENABLE_OBJC_WEAK = YES;
				CLANG_WARN_BLOCK_CAPTURE_AUTORELEASING = YES;
				CLANG_WARN_BOOL_CONVERSION = YES;
				CLANG_WARN_COMMA = YES;
				CLANG_WARN_CONSTANT_CONVERSION = YES;
				CLANG_WARN_DEPRECATED_OBJC_IMPLEMENTATIONS = YES;
				CLANG_WARN_DIRECT_OBJC_ISA_USAGE = YES_ERROR;
				CLANG_WARN_DOCUMENTATION_COMMENTS = YES;
				CLANG_WARN_EMPTY_BODY = YES;
				CLANG_WARN_ENUM_CONVERSION = YES;
				CLANG_WARN_INFINITE_RECURSION = YES;
				CLANG_WARN_INT_CONVERSION = YES;
				CLANG_WARN_NON_LITERAL_NULL_CONVERSION = YES;
				CLANG_WARN_OBJC_IMPLICIT_RETAIN_SELF = YES;
				CLANG_WARN_OBJC_LITERAL_CONVERSION = YES;
				CLANG_WARN_OBJC_ROOT_CLASS = YES_ERROR;
				CLANG_WARN_RANGE_LOOP_ANALYSIS = YES;
				CLANG_WARN_STRICT_PROTOTYPES = YES;
				CLANG_WARN_SUSPICIOUS_MOVE = YES;
				CLANG_WARN_UNGUARDED_AVAILABILITY = YES_AGGRESSIVE;
				CLANG_WARN_UNREACHABLE_CODE = YES;
				CLANG_WARN__DUPLICATE_METHOD_MATCH = YES;
				COPY_PHASE_STRIP = NO;
				DEBUG_INFORMATION_FORMAT = "dwarf-with-dsym";
				ENABLE_NS_ASSERTIONS = NO;
				ENABLE_STRICT_OBJC_MSGSEND = YES;
				GCC_C_LANGUAGE_STANDARD = gnu11;
				GCC_NO_COMMON_BLOCKS = YES;
				GCC_WARN_64_TO_32_BIT_CONVERSION = YES;
				GCC_WARN_ABOUT_RETURN_TYPE = YES_ERROR;
				GCC_WARN_UNDECLARED_SELECTOR = YES;
				GCC_WARN_UNINITIALIZED_AUTOS = YES_AGGRESSIVE;
				GCC_WARN_UNUSED_FUNCTION = YES;
				GCC_WARN_UNUSED_VARIABLE = YES;
				IPHONEOS_DEPLOYMENT_TARGET = 13.0;
				MTL_ENABLE_DEBUG_INFO = NO;
				MTL_FAST_MATH = YES;
				SDKROOT = iphoneos;
				SWIFT_COMPILATION_MODE = wholemodule;
				SWIFT_OPTIMIZATION_LEVEL = "-O";
				VALIDATE_PRODUCT = YES;
			};
			name = Release;
		};
		5205EB9F22F35113006AF738 /* Debug */ = {
			isa = XCBuildConfiguration;
			buildSettings = {
				ASSETCATALOG_COMPILER_APPICON_NAME = AppIcon;
				CODE_SIGN_STYLE = Automatic;
				DEVELOPMENT_TEAM = 36346V3588;
				INFOPLIST_FILE = CardStyleLifecycle/Info.plist;
				LD_RUNPATH_SEARCH_PATHS = (
					"$(inherited)",
					"@executable_path/Frameworks",
				);
				PRODUCT_BUNDLE_IDENTIFIER = kr.giftbot.example.CardStyleLifecycle;
				PRODUCT_NAME = "$(TARGET_NAME)";
				SWIFT_VERSION = 5.0;
				TARGETED_DEVICE_FAMILY = "1,2";
			};
			name = Debug;
		};
		5205EBA022F35113006AF738 /* Release */ = {
			isa = XCBuildConfiguration;
			buildSettings = {
				ASSETCATALOG_COMPILER_APPICON_NAME = AppIcon;
				CODE_SIGN_STYLE = Automatic;
				DEVELOPMENT_TEAM = 36346V3588;
				INFOPLIST_FILE = CardStyleLifecycle/Info.plist;
				LD_RUNPATH_SEARCH_PATHS = (
					"$(inherited)",
					"@executable_path/Frameworks",
				);
				PRODUCT_BUNDLE_IDENTIFIER = kr.giftbot.example.CardStyleLifecycle;
				PRODUCT_NAME = "$(TARGET_NAME)";
				SWIFT_VERSION = 5.0;
				TARGETED_DEVICE_FAMILY = "1,2";
			};
			name = Release;
		};
/* End XCBuildConfiguration section */

/* Begin XCConfigurationList section */
		5205EB8522F35111006AF738 /* Build configuration list for PBXProject "CardStyleLifecycle" */ = {
			isa = XCConfigurationList;
			buildConfigurations = (
				5205EB9C22F35113006AF738 /* Debug */,
				5205EB9D22F35113006AF738 /* Release */,
			);
			defaultConfigurationIsVisible = 0;
			defaultConfigurationName = Release;
		};
		5205EB9E22F35113006AF738 /* Build configuration list for PBXNativeTarget "CardStyleLifecycle" */ = {
			isa = XCConfigurationList;
			buildConfigurations = (
				5205EB9F22F35113006AF738 /* Debug */,
				5205EBA022F35113006AF738 /* Release */,
			);
			defaultConfigurationIsVisible = 0;
			defaultConfigurationName = Release;
		};
/* End XCConfigurationList section */
	};
	rootObject = 5205EB8222F35111006AF738 /* Project object */;
}
